{
  "name": "verdaccio-security-inventory",
  "lockfileVersion": 3,
  "requires": true,
  "packages": {
    "": {
      "name": "verdaccio-security-inventory",
      "dependencies": {
        "@typesafe-ai/sdk": "0.5.7",
        "typescript": "6.0.3"
      },
      "engines": {
        "node": ">=22"
      }
    },
    "node_modules/@typesafe-ai/sdk": {
      "version": "0.5.7",
      "resolved": "https://ms-feed-25.pkgs.visualstudio.com/1es-public/_packaging/npm-public/npm/registry/@typesafe-ai/sdk/-/sdk-0.5.7.tgz",
      "integrity": "sha512-OrbhDXyxDoX9l45/Mcts+TsNuvubCuZQzINQv0BMbi32ztcapzgrCnMmaW9gK5+JkgQAZcnJH1f47lAur+i1hw==",
      "license": "MIT",
      "engines": {
        "node": ">=20"
      }
    },
    "node_modules/typescript": {
      "version": "6.0.3",
      "resolved": "https://ms-feed-25.pkgs.visualstudio.com/1es-public/_packaging/npm-public/npm/registry/typescript/-/typescript-6.0.3.tgz",
      "integrity": "sha1-kCUdwAeRbpcnhsuU100VsYVXfSE=",
      "license": "Apache-2.0",
      "bin": {
        "tsc": "bin/tsc",
        "tsserver": "bin/tsserver"
      },
      "engines": {
        "node": ">=14.17"
      }
    }
  }
}
